
Microsoft Visual Studio Solution File, Format Version 12.00
# Visual Studio Version 17
VisualStudioVersion = 17.8.34322.80
MinimumVisualStudioVersion = 10.0.40219.1
Project("{FAE04EC0-301F-11D3-BF4B-00C04F79EFBC}") = "ASP.NET_Core_MVC_(.NET 6)", "ASP.NET_Core_MVC_(.NET 6)\ASP.NET_Core_MVC_(.NET 6).csproj", "{BB64C506-E72C-4432-8303-A968C8690274}"
EndProject
Global
	GlobalSection(SolutionConfigurationPlatforms) = preSolution
		Debug|Any CPU = Debug|Any CPU
		Release|Any CPU = Release|Any CPU
	EndGlobalSection
	GlobalSection(ProjectConfigurationPlatforms) = postSolution
		{BB64C506-E72C-4432-8303-A968C8690274}.Debug|Any CPU.ActiveCfg = Debug|Any CPU
		{BB64C506-E72C-4432-8303-A968C8690274}.Debug|Any CPU.Build.0 = Debug|Any CPU
		{BB64C506-E72C-4432-8303-A968C8690274}.Release|Any CPU.ActiveCfg = Release|Any CPU
		{BB64C506-E72C-4432-8303-A968C8690274}.Release|Any CPU.Build.0 = Release|Any CPU
	EndGlobalSection
	GlobalSection(SolutionProperties) = preSolution
		HideSolutionNode = FALSE
	EndGlobalSection
	GlobalSection(ExtensibilityGlobals) = postSolution
		SolutionGuid = {3940505B-CD68-4FE8-ACC8-A888D15371DC}
	EndGlobalSection
EndGlobal
